
Microsoft Visual Studio Solution File, Format Version 12.00
# Visual Studio Version 17
VisualStudioVersion = 17.3.32922.545
MinimumVisualStudioVersion = 10.0.40219.1
Project("{8BC9CEB8-8B4A-11D0-8D11-00A0C91BC942}") = "w5p2", "w5p2.vcxproj", "{A9E2DA54-2D68-4F6C-9A04-A0AFE72198D7}"
EndProject
Global
	GlobalSection(SolutionConfigurationPlatforms) = preSolution
		Debug|x64 = Debug|x64
		Debug|x86 = Debug|x86
		Release|x64 = Release|x64
		Release|x86 = Release|x86
	EndGlobalSection
	GlobalSection(ProjectConfigurationPlatforms) = postSolution
		{A9E2DA54-2D68-4F6C-9A04-A0AFE72198D7}.Debug|x64.ActiveCfg = Debug|x64
		{A9E2DA54-2D68-4F6C-9A04-A0AFE72198D7}.Debug|x64.Build.0 = Debug|x64
		{A9E2DA54-2D68-4F6C-9A04-A0AFE72198D7}.Debug|x86.ActiveCfg = Debug|Win32
		{A9E2DA54-2D68-4F6C-9A04-A0AFE72198D7}.Debug|x86.Build.0 = Debug|Win32
		{A9E2DA54-2D68-4F6C-9A04-A0AFE72198D7}.Release|x64.ActiveCfg = Release|x64
		{A9E2DA54-2D68-4F6C-9A04-A0AFE72198D7}.Release|x64.Build.0 = Release|x64
		{A9E2DA54-2D68-4F6C-9A04-A0AFE72198D7}.Release|x86.ActiveCfg = Release|Win32
		{A9E2DA54-2D68-4F6C-9A04-A0AFE72198D7}.Release|x86.Build.0 = Release|Win32
	EndGlobalSection
	GlobalSection(SolutionProperties) = preSolution
		HideSolutionNode = FALSE
	EndGlobalSection
	GlobalSection(ExtensibilityGlobals) = postSolution
		SolutionGuid = {7B36251C-253B-4FC0-B623-0C269E1B3394}
	EndGlobalSection
EndGlobal
